<?xml version="1.0" encoding="UTF-8"?>
<CodeBlocks_project_file>
	<FileVersion major="1" minor="6"/>
	<Project>
		<Option title="GLFW"/>
		<Option makefile_is_custom="1"/>
		<Option compiler="clang"/>
		<Option virtualFolders="CMake Files\;CMake Files\third_party\;CMake Files\third_party\glfw\;CMake Files\third_party\glfw\CMake\;CMake Files\third_party\glfw\CMake\modules\;CMake Files\third_party\glfw\src\;CMake Files\cmake\;CMake Files\..\;CMake Files\..\..\;CMake Files\..\..\local\;CMake Files\..\..\local\clang+llvm-6.0.0\;CMake Files\..\..\local\clang+llvm-6.0.0\lib\;CMake Files\..\..\local\clang+llvm-6.0.0\lib\cmake\;CMake Files\..\..\local\clang+llvm-6.0.0\lib\cmake\llvm\;"/>
		<Build>
			<Target title="all">
				<Option working_dir="/home/syoyo/work/liselotte/third_party/glfw"/>
				<Option type="4"/>
				<MakeCommands>
					<Build command="/usr/bin/make -f &quot;/home/syoyo/work/liselotte/third_party/glfw/Makefile&quot;  VERBOSE=1 all"/>
					<CompileFile command="/usr/bin/make -f &quot;/home/syoyo/work/liselotte/third_party/glfw/Makefile&quot;  VERBOSE=1 &quot;$file&quot;"/>
					<Clean command="/usr/bin/make -f &quot;/home/syoyo/work/liselotte/third_party/glfw/Makefile&quot;  VERBOSE=1 clean"/>
					<DistClean command="/usr/bin/make -f &quot;/home/syoyo/work/liselotte/third_party/glfw/Makefile&quot;  VERBOSE=1 clean"/>
				</MakeCommands>
			</Target>
			<Target title="glfw">
				<Option output="/home/syoyo/work/liselotte/third_party/glfw/src/libglfw3.a" prefix_auto="0" extension_auto="0"/>
				<Option working_dir="/home/syoyo/work/liselotte/third_party/glfw/src"/>
				<Option object_output="./"/>
				<Option type="2"/>
				<Option compiler="clang"/>
				<Compiler>
					<Add option="-DLISELOTTE_ENABLE_JIT"/>
					<Add option="-DCXXOPTS_NO_RTTI"/>
					<Add option="-DEMBREE_STATIC_LIB"/>
					<Add option="-DLISELOTTE_GUI"/>
					<Add option="-DLISELOTTE_USE_IMGUI"/>
					<Add directory="/home/syoyo/local/clang+llvm-6.0.0/include"/>
					<Add directory="/home/syoyo/work/liselotte/src/compat/include"/>
					<Add directory="/home/syoyo/work/liselotte"/>
					<Add directory="/home/syoyo/work/liselotte/include"/>
					<Add directory="/home/syoyo/work/liselotte/src"/>
					<Add directory="/home/syoyo/work/liselotte/src/ext"/>
					<Add directory="/home/syoyo/work/liselotte/src/ext/plog/include"/>
					<Add directory="/home/syoyo/work/liselotte/third_party/rpclib/include"/>
				</Compiler>
				<MakeCommands>
					<Build command="/usr/bin/make -f &quot;/home/syoyo/work/liselotte/third_party/glfw/src/Makefile&quot;  VERBOSE=1 glfw"/>
					<CompileFile command="/usr/bin/make -f &quot;/home/syoyo/work/liselotte/third_party/glfw/src/Makefile&quot;  VERBOSE=1 &quot;$file&quot;"/>
					<Clean command="/usr/bin/make -f &quot;/home/syoyo/work/liselotte/third_party/glfw/src/Makefile&quot;  VERBOSE=1 clean"/>
					<DistClean command="/usr/bin/make -f &quot;/home/syoyo/work/liselotte/third_party/glfw/src/Makefile&quot;  VERBOSE=1 clean"/>
				</MakeCommands>
			</Target>
			<Target title="glfw/fast">
				<Option output="/home/syoyo/work/liselotte/third_party/glfw/src/libglfw3.a" prefix_auto="0" extension_auto="0"/>
				<Option working_dir="/home/syoyo/work/liselotte/third_party/glfw/src"/>
				<Option object_output="./"/>
				<Option type="2"/>
				<Option compiler="clang"/>
				<Compiler>
					<Add option="-DLISELOTTE_ENABLE_JIT"/>
					<Add option="-DCXXOPTS_NO_RTTI"/>
					<Add option="-DEMBREE_STATIC_LIB"/>
					<Add option="-DLISELOTTE_GUI"/>
					<Add option="-DLISELOTTE_USE_IMGUI"/>
					<Add directory="/home/syoyo/local/clang+llvm-6.0.0/include"/>
					<Add directory="/home/syoyo/work/liselotte/src/compat/include"/>
					<Add directory="/home/syoyo/work/liselotte"/>
					<Add directory="/home/syoyo/work/liselotte/include"/>
					<Add directory="/home/syoyo/work/liselotte/src"/>
					<Add directory="/home/syoyo/work/liselotte/src/ext"/>
					<Add directory="/home/syoyo/work/liselotte/src/ext/plog/include"/>
					<Add directory="/home/syoyo/work/liselotte/third_party/rpclib/include"/>
				</Compiler>
				<MakeCommands>
					<Build command="/usr/bin/make -f &quot;/home/syoyo/work/liselotte/third_party/glfw/src/Makefile&quot;  VERBOSE=1 glfw/fast"/>
					<CompileFile command="/usr/bin/make -f &quot;/home/syoyo/work/liselotte/third_party/glfw/src/Makefile&quot;  VERBOSE=1 &quot;$file&quot;"/>
					<Clean command="/usr/bin/make -f &quot;/home/syoyo/work/liselotte/third_party/glfw/src/Makefile&quot;  VERBOSE=1 clean"/>
					<DistClean command="/usr/bin/make -f &quot;/home/syoyo/work/liselotte/third_party/glfw/src/Makefile&quot;  VERBOSE=1 clean"/>
				</MakeCommands>
			</Target>
			<Target title="glfw_objects">
				<Option output="/home/syoyo/work/liselotte/third_party/glfw/src/CMakeFiles/glfw_objects.dir/glfw_objects.objlib" prefix_auto="0" extension_auto="0"/>
				<Option working_dir="/home/syoyo/work/liselotte/third_party/glfw/src"/>
				<Option object_output="./"/>
				<Option type="2"/>
				<Option compiler="clang"/>
				<Compiler>
					<Add option="-D_GLFW_USE_CONFIG_H"/>
					<Add option="-DLISELOTTE_ENABLE_JIT"/>
					<Add option="-DCXXOPTS_NO_RTTI"/>
					<Add option="-DEMBREE_STATIC_LIB"/>
					<Add option="-DLISELOTTE_GUI"/>
					<Add option="-DLISELOTTE_USE_IMGUI"/>
					<Add directory="/home/syoyo/local/clang+llvm-6.0.0/include"/>
					<Add directory="/home/syoyo/work/liselotte/src/compat/include"/>
					<Add directory="/home/syoyo/work/liselotte"/>
					<Add directory="/home/syoyo/work/liselotte/include"/>
					<Add directory="/home/syoyo/work/liselotte/src"/>
					<Add directory="/home/syoyo/work/liselotte/src/ext"/>
					<Add directory="/home/syoyo/work/liselotte/src/ext/plog/include"/>
					<Add directory="/home/syoyo/work/liselotte/third_party/rpclib/include"/>
					<Add directory="/home/syoyo/work/liselotte/third_party/glfw/include"/>
					<Add directory="/home/syoyo/work/liselotte/third_party/glfw/src"/>
				</Compiler>
				<MakeCommands>
					<Build command="/usr/bin/make -f &quot;/home/syoyo/work/liselotte/third_party/glfw/src/Makefile&quot;  VERBOSE=1 glfw_objects"/>
					<CompileFile command="/usr/bin/make -f &quot;/home/syoyo/work/liselotte/third_party/glfw/src/Makefile&quot;  VERBOSE=1 &quot;$file&quot;"/>
					<Clean command="/usr/bin/make -f &quot;/home/syoyo/work/liselotte/third_party/glfw/src/Makefile&quot;  VERBOSE=1 clean"/>
					<DistClean command="/usr/bin/make -f &quot;/home/syoyo/work/liselotte/third_party/glfw/src/Makefile&quot;  VERBOSE=1 clean"/>
				</MakeCommands>
			</Target>
			<Target title="glfw_objects/fast">
				<Option output="/home/syoyo/work/liselotte/third_party/glfw/src/CMakeFiles/glfw_objects.dir/glfw_objects.objlib" prefix_auto="0" extension_auto="0"/>
				<Option working_dir="/home/syoyo/work/liselotte/third_party/glfw/src"/>
				<Option object_output="./"/>
				<Option type="2"/>
				<Option compiler="clang"/>
				<Compiler>
					<Add option="-D_GLFW_USE_CONFIG_H"/>
					<Add option="-DLISELOTTE_ENABLE_JIT"/>
					<Add option="-DCXXOPTS_NO_RTTI"/>
					<Add option="-DEMBREE_STATIC_LIB"/>
					<Add option="-DLISELOTTE_GUI"/>
					<Add option="-DLISELOTTE_USE_IMGUI"/>
					<Add directory="/home/syoyo/local/clang+llvm-6.0.0/include"/>
					<Add directory="/home/syoyo/work/liselotte/src/compat/include"/>
					<Add directory="/home/syoyo/work/liselotte"/>
					<Add directory="/home/syoyo/work/liselotte/include"/>
					<Add directory="/home/syoyo/work/liselotte/src"/>
					<Add directory="/home/syoyo/work/liselotte/src/ext"/>
					<Add directory="/home/syoyo/work/liselotte/src/ext/plog/include"/>
					<Add directory="/home/syoyo/work/liselotte/third_party/rpclib/include"/>
					<Add directory="/home/syoyo/work/liselotte/third_party/glfw/include"/>
					<Add directory="/home/syoyo/work/liselotte/third_party/glfw/src"/>
				</Compiler>
				<MakeCommands>
					<Build command="/usr/bin/make -f &quot;/home/syoyo/work/liselotte/third_party/glfw/src/Makefile&quot;  VERBOSE=1 glfw_objects/fast"/>
					<CompileFile command="/usr/bin/make -f &quot;/home/syoyo/work/liselotte/third_party/glfw/src/Makefile&quot;  VERBOSE=1 &quot;$file&quot;"/>
					<Clean command="/usr/bin/make -f &quot;/home/syoyo/work/liselotte/third_party/glfw/src/Makefile&quot;  VERBOSE=1 clean"/>
					<DistClean command="/usr/bin/make -f &quot;/home/syoyo/work/liselotte/third_party/glfw/src/Makefile&quot;  VERBOSE=1 clean"/>
				</MakeCommands>
			</Target>
		</Build>
		<Unit filename="/home/syoyo/work/liselotte/third_party/glfw/include/GLFW/glfw3.h">
			<Option target="glfw_objects"/>
		</Unit>
		<Unit filename="/home/syoyo/work/liselotte/third_party/glfw/include/GLFW/glfw3native.h">
			<Option target="glfw_objects"/>
		</Unit>
		<Unit filename="/home/syoyo/work/liselotte/third_party/glfw/src/CMakeFiles/glfw_objects.dir/context.c.o">
			<Option target="glfw"/>
		</Unit>
		<Unit filename="/home/syoyo/work/liselotte/third_party/glfw/src/CMakeFiles/glfw_objects.dir/egl_context.c.o">
			<Option target="glfw"/>
		</Unit>
		<Unit filename="/home/syoyo/work/liselotte/third_party/glfw/src/CMakeFiles/glfw_objects.dir/glx_context.c.o">
			<Option target="glfw"/>
		</Unit>
		<Unit filename="/home/syoyo/work/liselotte/third_party/glfw/src/CMakeFiles/glfw_objects.dir/init.c.o">
			<Option target="glfw"/>
		</Unit>
		<Unit filename="/home/syoyo/work/liselotte/third_party/glfw/src/CMakeFiles/glfw_objects.dir/input.c.o">
			<Option target="glfw"/>
		</Unit>
		<Unit filename="/home/syoyo/work/liselotte/third_party/glfw/src/CMakeFiles/glfw_objects.dir/linux_joystick.c.o">
			<Option target="glfw"/>
		</Unit>
		<Unit filename="/home/syoyo/work/liselotte/third_party/glfw/src/CMakeFiles/glfw_objects.dir/monitor.c.o">
			<Option target="glfw"/>
		</Unit>
		<Unit filename="/home/syoyo/work/liselotte/third_party/glfw/src/CMakeFiles/glfw_objects.dir/osmesa_context.c.o">
			<Option target="glfw"/>
		</Unit>
		<Unit filename="/home/syoyo/work/liselotte/third_party/glfw/src/CMakeFiles/glfw_objects.dir/posix_time.c.o">
			<Option target="glfw"/>
		</Unit>
		<Unit filename="/home/syoyo/work/liselotte/third_party/glfw/src/CMakeFiles/glfw_objects.dir/posix_tls.c.o">
			<Option target="glfw"/>
		</Unit>
		<Unit filename="/home/syoyo/work/liselotte/third_party/glfw/src/CMakeFiles/glfw_objects.dir/vulkan.c.o">
			<Option target="glfw"/>
		</Unit>
		<Unit filename="/home/syoyo/work/liselotte/third_party/glfw/src/CMakeFiles/glfw_objects.dir/window.c.o">
			<Option target="glfw"/>
		</Unit>
		<Unit filename="/home/syoyo/work/liselotte/third_party/glfw/src/CMakeFiles/glfw_objects.dir/x11_init.c.o">
			<Option target="glfw"/>
		</Unit>
		<Unit filename="/home/syoyo/work/liselotte/third_party/glfw/src/CMakeFiles/glfw_objects.dir/x11_monitor.c.o">
			<Option target="glfw"/>
		</Unit>
		<Unit filename="/home/syoyo/work/liselotte/third_party/glfw/src/CMakeFiles/glfw_objects.dir/x11_window.c.o">
			<Option target="glfw"/>
		</Unit>
		<Unit filename="/home/syoyo/work/liselotte/third_party/glfw/src/CMakeFiles/glfw_objects.dir/xkb_unicode.c.o">
			<Option target="glfw"/>
		</Unit>
		<Unit filename="/home/syoyo/work/liselotte/third_party/glfw/src/context.c">
			<Option target="glfw_objects"/>
		</Unit>
		<Unit filename="/home/syoyo/work/liselotte/third_party/glfw/src/egl_context.c">
			<Option target="glfw_objects"/>
		</Unit>
		<Unit filename="/home/syoyo/work/liselotte/third_party/glfw/src/egl_context.h">
			<Option target="glfw_objects"/>
		</Unit>
		<Unit filename="/home/syoyo/work/liselotte/third_party/glfw/src/glfw_config.h">
			<Option target="glfw_objects"/>
		</Unit>
		<Unit filename="/home/syoyo/work/liselotte/third_party/glfw/src/glx_context.c">
			<Option target="glfw_objects"/>
		</Unit>
		<Unit filename="/home/syoyo/work/liselotte/third_party/glfw/src/glx_context.h">
			<Option target="glfw_objects"/>
		</Unit>
		<Unit filename="/home/syoyo/work/liselotte/third_party/glfw/src/init.c">
			<Option target="glfw_objects"/>
		</Unit>
		<Unit filename="/home/syoyo/work/liselotte/third_party/glfw/src/input.c">
			<Option target="glfw_objects"/>
		</Unit>
		<Unit filename="/home/syoyo/work/liselotte/third_party/glfw/src/internal.h">
			<Option target="glfw_objects"/>
		</Unit>
		<Unit filename="/home/syoyo/work/liselotte/third_party/glfw/src/linux_joystick.c">
			<Option target="glfw_objects"/>
		</Unit>
		<Unit filename="/home/syoyo/work/liselotte/third_party/glfw/src/linux_joystick.h">
			<Option target="glfw_objects"/>
		</Unit>
		<Unit filename="/home/syoyo/work/liselotte/third_party/glfw/src/monitor.c">
			<Option target="glfw_objects"/>
		</Unit>
		<Unit filename="/home/syoyo/work/liselotte/third_party/glfw/src/osmesa_context.c">
			<Option target="glfw_objects"/>
		</Unit>
		<Unit filename="/home/syoyo/work/liselotte/third_party/glfw/src/osmesa_context.h">
			<Option target="glfw_objects"/>
		</Unit>
		<Unit filename="/home/syoyo/work/liselotte/third_party/glfw/src/posix_time.c">
			<Option target="glfw_objects"/>
		</Unit>
		<Unit filename="/home/syoyo/work/liselotte/third_party/glfw/src/posix_time.h">
			<Option target="glfw_objects"/>
		</Unit>
		<Unit filename="/home/syoyo/work/liselotte/third_party/glfw/src/posix_tls.c">
			<Option target="glfw_objects"/>
		</Unit>
		<Unit filename="/home/syoyo/work/liselotte/third_party/glfw/src/posix_tls.h">
			<Option target="glfw_objects"/>
		</Unit>
		<Unit filename="/home/syoyo/work/liselotte/third_party/glfw/src/vulkan.c">
			<Option target="glfw_objects"/>
		</Unit>
		<Unit filename="/home/syoyo/work/liselotte/third_party/glfw/src/window.c">
			<Option target="glfw_objects"/>
		</Unit>
		<Unit filename="/home/syoyo/work/liselotte/third_party/glfw/src/x11_init.c">
			<Option target="glfw_objects"/>
		</Unit>
		<Unit filename="/home/syoyo/work/liselotte/third_party/glfw/src/x11_monitor.c">
			<Option target="glfw_objects"/>
		</Unit>
		<Unit filename="/home/syoyo/work/liselotte/third_party/glfw/src/x11_platform.h">
			<Option target="glfw_objects"/>
		</Unit>
		<Unit filename="/home/syoyo/work/liselotte/third_party/glfw/src/x11_window.c">
			<Option target="glfw_objects"/>
		</Unit>
		<Unit filename="/home/syoyo/work/liselotte/third_party/glfw/src/xkb_unicode.c">
			<Option target="glfw_objects"/>
		</Unit>
		<Unit filename="/home/syoyo/work/liselotte/third_party/glfw/src/xkb_unicode.h">
			<Option target="glfw_objects"/>
		</Unit>
		<Unit filename="/home/syoyo/work/liselotte/CMakeLists.txt">
			<Option virtualFolder="CMake Files\"/>
		</Unit>
		<Unit filename="/home/syoyo/work/liselotte/third_party/glfw/CMakeLists.txt">
			<Option virtualFolder="CMake Files\third_party\glfw\"/>
		</Unit>
		<Unit filename="/home/syoyo/work/liselotte/third_party/glfw/CMake/modules/FindVulkan.cmake">
			<Option virtualFolder="CMake Files\third_party\glfw\CMake\modules\"/>
		</Unit>
		<Unit filename="/home/syoyo/work/liselotte/third_party/glfw/src/CMakeLists.txt">
			<Option virtualFolder="CMake Files\third_party\glfw\src\"/>
		</Unit>
		<Unit filename="/home/syoyo/work/liselotte/third_party/glfw/src/glfw3.pc.in">
			<Option virtualFolder="CMake Files\third_party\glfw\src\"/>
		</Unit>
		<Unit filename="/home/syoyo/work/liselotte/third_party/glfw/src/glfw3Config.cmake.in">
			<Option virtualFolder="CMake Files\third_party\glfw\src\"/>
		</Unit>
		<Unit filename="/home/syoyo/work/liselotte/third_party/glfw/src/glfw_config.h.in">
			<Option virtualFolder="CMake Files\third_party\glfw\src\"/>
		</Unit>
		<Unit filename="/home/syoyo/work/liselotte/cmake/FindASan.cmake">
			<Option virtualFolder="CMake Files\cmake\"/>
		</Unit>
		<Unit filename="/home/syoyo/work/liselotte/cmake/FindMSan.cmake">
			<Option virtualFolder="CMake Files\cmake\"/>
		</Unit>
		<Unit filename="/home/syoyo/work/liselotte/cmake/FindSanitizers.cmake">
			<Option virtualFolder="CMake Files\cmake\"/>
		</Unit>
		<Unit filename="/home/syoyo/work/liselotte/cmake/FindTSan.cmake">
			<Option virtualFolder="CMake Files\cmake\"/>
		</Unit>
		<Unit filename="/home/syoyo/work/liselotte/cmake/FindUBSan.cmake">
			<Option virtualFolder="CMake Files\cmake\"/>
		</Unit>
		<Unit filename="/home/syoyo/work/liselotte/cmake/sanitize-helpers.cmake">
			<Option virtualFolder="CMake Files\cmake\"/>
		</Unit>
		<Unit filename="/home/syoyo/work/liselotte/../../local/clang+llvm-6.0.0/lib/cmake/llvm/LLVM-Config.cmake">
			<Option virtualFolder="CMake Files\..\..\local\clang+llvm-6.0.0\lib\cmake\llvm\"/>
		</Unit>
		<Unit filename="/home/syoyo/work/liselotte/../../local/clang+llvm-6.0.0/lib/cmake/llvm/LLVMConfig.cmake">
			<Option virtualFolder="CMake Files\..\..\local\clang+llvm-6.0.0\lib\cmake\llvm\"/>
		</Unit>
		<Unit filename="/home/syoyo/work/liselotte/../../local/clang+llvm-6.0.0/lib/cmake/llvm/LLVMConfigVersion.cmake">
			<Option virtualFolder="CMake Files\..\..\local\clang+llvm-6.0.0\lib\cmake\llvm\"/>
		</Unit>
		<Unit filename="/home/syoyo/work/liselotte/../../local/clang+llvm-6.0.0/lib/cmake/llvm/LLVMExports-minsizerel.cmake">
			<Option virtualFolder="CMake Files\..\..\local\clang+llvm-6.0.0\lib\cmake\llvm\"/>
		</Unit>
		<Unit filename="/home/syoyo/work/liselotte/../../local/clang+llvm-6.0.0/lib/cmake/llvm/LLVMExports.cmake">
			<Option virtualFolder="CMake Files\..\..\local\clang+llvm-6.0.0\lib\cmake\llvm\"/>
		</Unit>
	</Project>
</CodeBlocks_project_file>
